// !$*UTF8*$!
{
	archiveVersion = 1;
	classes = {
	};
	objectVersion = 46;
	objects = {

/* Begin PBXBuildFile section */
		1F4CFB8E1CDB8CED0072AD4B /* AppDelegate.swift in Sources */ = {isa = PBXBuildFile; fileRef = 1F4CFB8D1CDB8CED0072AD4B /* AppDelegate.swift */; };
		1F4CFB901CDB8CED0072AD4B /* ViewController.swift in Sources */ = {isa = PBXBuildFile; fileRef = 1F4CFB8F1CDB8CED0072AD4B /* ViewController.swift */; };
		1F4CFB931CDB8CED0072AD4B /* Main.storyboard in Resources */ = {isa = PBXBuildFile; fileRef = 1F4CFB911CDB8CED0072AD4B /* Main.storyboard */; };
		1F4CFB951CDB8CED0072AD4B /* Assets.xcassets in Resources */ = {isa = PBXBuildFile; fileRef = 1F4CFB941CDB8CED0072AD4B /* Assets.xcassets */; };
		1F4CFB981CDB8CED0072AD4B /* LaunchScreen.storyboard in Resources */ = {isa = PBXBuildFile; fileRef = 1F4CFB961CDB8CED0072AD4B /* LaunchScreen.storyboard */; };
		1F4CFBA11CDB8D600072AD4B /* Post.swift in Sources */ = {isa = PBXBuildFile; fileRef = 1F4CFBA01CDB8D600072AD4B /* Post.swift */; };
		1F4CFBA41CDBB6790072AD4B /* PostCell.swift in Sources */ = {isa = PBXBuildFile; fileRef = 1F4CFBA31CDBB6790072AD4B /* PostCell.swift */; };
		1F4CFBA71CDC42DC0072AD4B /* AddPostVC.swift in Sources */ = {isa = PBXBuildFile; fileRef = 1F4CFBA61CDC42DC0072AD4B /* AddPostVC.swift */; };
		1F4CFBAA1CDD058E0072AD4B /* DataService.swift in Sources */ = {isa = PBXBuildFile; fileRef = 1F4CFBA91CDD058E0072AD4B /* DataService.swift */; };
/* End PBXBuildFile section */

/* Begin PBXFileReference section */
		1F4CFB8A1CDB8CED0072AD4B /* my-hood.app */ = {isa = PBXFileReference; explicitFileType = wrapper.application; includeInIndex = 0; path = "my-hood.app"; sourceTree = BUILT_PRODUCTS_DIR; };
		1F4CFB8D1CDB8CED0072AD4B /* AppDelegate.swift */ = {isa = PBXFileReference; lastKnownFileType = sourcecode.swift; path = AppDelegate.swift; sourceTree = "<group>"; };
		1F4CFB8F1CDB8CED0072AD4B /* ViewController.swift */ = {isa = PBXFileReference; lastKnownFileType = sourcecode.swift; name = ViewController.swift; path = "my-hood/ViewController.swift"; sourceTree = "<group>"; };
		1F4CFB921CDB8CED0072AD4B /* Base */ = {isa = PBXFileReference; lastKnownFileType = file.storyboard; name = Base; path = Base.lproj/Main.storyboard; sourceTree = "<group>"; };
		1F4CFB941CDB8CED0072AD4B /* Assets.xcassets */ = {isa = PBXFileReference; lastKnownFileType = folder.assetcatalog; path = Assets.xcassets; sourceTree = "<group>"; };
		1F4CFB971CDB8CED0072AD4B /* Base */ = {isa = PBXFileReference; lastKnownFileType = file.storyboard; name = Base; path = Base.lproj/LaunchScreen.storyboard; sourceTree = "<group>"; };
		1F4CFB991CDB8CED0072AD4B /* Info.plist */ = {isa = PBXFileReference; lastKnownFileType = text.plist.xml; path = Info.plist; sourceTree = "<group>"; };
		1F4CFBA01CDB8D600072AD4B /* Post.swift */ = {isa = PBXFileReference; fileEncoding = 4; lastKnownFileType = sourcecode.swift; path = Post.swift; sourceTree = "<group>"; };
		1F4CFBA31CDBB6790072AD4B /* PostCell.swift */ = {isa = PBXFileReference; fileEncoding = 4; lastKnownFileType = sourcecode.swift; path = PostCell.swift; sourceTree = "<group>"; };
		1F4CFBA61CDC42DC0072AD4B /* AddPostVC.swift */ = {isa = PBXFileReference; fileEncoding = 4; lastKnownFileType = sourcecode.swift; path = AddPostVC.swift; sourceTree = "<group>"; };
		1F4CFBA91CDD058E0072AD4B /* DataService.swift */ = {isa = PBXFileReference; fileEncoding = 4; lastKnownFileType = sourcecode.swift; path = DataService.swift; sourceTree = "<group>"; };
/* End PBXFileReference section */

/* Begin PBXFrameworksBuildPhase section */
		1F4CFB871CDB8CED0072AD4B /* Frameworks */ = {
			isa = PBXFrameworksBuildPhase;
			buildActionMask = 2147483647;
			files = (
			);
			runOnlyForDeploymentPostprocessing = 0;
		};
/* End PBXFrameworksBuildPhase section */

/* Begin PBXGroup section */
		1F4CFB811CDB8CED0072AD4B = {
			isa = PBXGroup;
			children = (
				1F4CFB8C1CDB8CED0072AD4B /* my-hood */,
				1F4CFB8B1CDB8CED0072AD4B /* Products */,
			);
			sourceTree = "<group>";
		};
		1F4CFB8B1CDB8CED0072AD4B /* Products */ = {
			isa = PBXGroup;
			children = (
				1F4CFB8A1CDB8CED0072AD4B /* my-hood.app */,
			);
			name = Products;
			sourceTree = "<group>";
		};
		1F4CFB8C1CDB8CED0072AD4B /* my-hood */ = {
			isa = PBXGroup;
			children = (
				1F4CFBA81CDD05780072AD4B /* Services */,
				1F4CFB9F1CDB8D4E0072AD4B /* Model */,
				1F4CFBA21CDBB65C0072AD4B /* View */,
				1F4CFBA51CDC42A90072AD4B /* Controller */,
				1F4CFB8D1CDB8CED0072AD4B /* AppDelegate.swift */,
				1F4CFB911CDB8CED0072AD4B /* Main.storyboard */,
				1F4CFB941CDB8CED0072AD4B /* Assets.xcassets */,
				1F4CFB961CDB8CED0072AD4B /* LaunchScreen.storyboard */,
				1F4CFB991CDB8CED0072AD4B /* Info.plist */,
			);
			path = "my-hood";
			sourceTree = "<group>";
		};
		1F4CFB9F1CDB8D4E0072AD4B /* Model */ = {
			isa = PBXGroup;
			children = (
				1F4CFBA01CDB8D600072AD4B /* Post.swift */,
			);
			name = Model;
			sourceTree = "<group>";
		};
		1F4CFBA21CDBB65C0072AD4B /* View */ = {
			isa = PBXGroup;
			children = (
				1F4CFBA31CDBB6790072AD4B /* PostCell.swift */,
			);
			name = View;
			sourceTree = "<group>";
		};
		1F4CFBA51CDC42A90072AD4B /* Controller */ = {
			isa = PBXGroup;
			children = (
				1F4CFB8F1CDB8CED0072AD4B /* ViewController.swift */,
				1F4CFBA61CDC42DC0072AD4B /* AddPostVC.swift */,
			);
			name = Controller;
			path = ..;
			sourceTree = "<group>";
		};
		1F4CFBA81CDD05780072AD4B /* Services */ = {
			isa = PBXGroup;
			children = (
				1F4CFBA91CDD058E0072AD4B /* DataService.swift */,
			);
			name = Services;
			sourceTree = "<group>";
		};
/* End PBXGroup section */

/* Begin PBXNativeTarget section */
		1F4CFB891CDB8CED0072AD4B /* my-hood */ = {
			isa = PBXNativeTarget;
			buildConfigurationList = 1F4CFB9C1CDB8CED0072AD4B /* Build configuration list for PBXNativeTarget "my-hood" */;
			buildPhases = (
				1F4CFB861CDB8CED0072AD4B /* Sources */,
				1F4CFB871CDB8CED0072AD4B /* Frameworks */,
				1F4CFB881CDB8CED0072AD4B /* Resources */,
			);
			buildRules = (
			);
			dependencies = (
			);
			name = "my-hood";
			productName = "my-hood";
			productReference = 1F4CFB8A1CDB8CED0072AD4B /* my-hood.app */;
			productType = "com.apple.product-type.application";
		};
/* End PBXNativeTarget section */

/* Begin PBXProject section */
		1F4CFB821CDB8CED0072AD4B /* Project object */ = {
			isa = PBXProject;
			attributes = {
				LastSwiftUpdateCheck = 0730;
				LastUpgradeCheck = 0800;
				ORGANIZATIONNAME = devPro;
				TargetAttributes = {
					1F4CFB891CDB8CED0072AD4B = {
						CreatedOnToolsVersion = 7.3;
						DevelopmentTeam = T5X6AQ5A7M;
						LastSwiftMigration = 0800;
					};
				};
			};
			buildConfigurationList = 1F4CFB851CDB8CED0072AD4B /* Build configuration list for PBXProject "my-hood" */;
			compatibilityVersion = "Xcode 3.2";
			developmentRegion = English;
			hasScannedForEncodings = 0;
			knownRegions = (
				en,
				Base,
			);
			mainGroup = 1F4CFB811CDB8CED0072AD4B;
			productRefGroup = 1F4CFB8B1CDB8CED0072AD4B /* Products */;
			projectDirPath = "";
			projectRoot = "";
			targets = (
				1F4CFB891CDB8CED0072AD4B /* my-hood */,
			);
		};
/* End PBXProject section */

/* Begin PBXResourcesBuildPhase section */
		1F4CFB881CDB8CED0072AD4B /* Resources */ = {
			isa = PBXResourcesBuildPhase;
			buildActionMask = 2147483647;
			files = (
				1F4CFB981CDB8CED0072AD4B /* LaunchScreen.storyboard in Resources */,
				1F4CFB951CDB8CED0072AD4B /* Assets.xcassets in Resources */,
				1F4CFB931CDB8CED0072AD4B /* Main.storyboard in Resources */,
			);
			runOnlyForDeploymentPostprocessing = 0;
		};
/* End PBXResourcesBuildPhase section */

/* Begin PBXSourcesBuildPhase section */
		1F4CFB861CDB8CED0072AD4B /* Sources */ = {
			isa = PBXSourcesBuildPhase;
			buildActionMask = 2147483647;
			files = (
				1F4CFBA11CDB8D600072AD4B /* Post.swift in Sources */,
				1F4CFB901CDB8CED0072AD4B /* ViewController.swift in Sources */,
				1F4CFBA71CDC42DC0072AD4B /* AddPostVC.swift in Sources */,
				1F4CFBAA1CDD058E0072AD4B /* DataService.swift in Sources */,
				1F4CFB8E1CDB8CED0072AD4B /* AppDelegate.swift in Sources */,
				1F4CFBA41CDBB6790072AD4B /* PostCell.swift in Sources */,
			);
			runOnlyForDeploymentPostprocessing = 0;
		};
/* End PBXSourcesBuildPhase section */

/* Begin PBXVariantGroup section */
		1F4CFB911CDB8CED0072AD4B /* Main.storyboard */ = {
			isa = PBXVariantGroup;
			children = (
				1F4CFB921CDB8CED0072AD4B /* Base */,
			);
			name = Main.storyboard;
			sourceTree = "<group>";
		};
		1F4CFB961CDB8CED0072AD4B /* LaunchScreen.storyboard */ = {
			isa = PBXVariantGroup;
			children = (
				1F4CFB971CDB8CED0072AD4B /* Base */,
			);
			name = LaunchScreen.storyboard;
			sourceTree = "<group>";
		};
/* End PBXVariantGroup section */

/* Begin XCBuildConfiguration section */
		1F4CFB9A1CDB8CED0072AD4B /* Debug */ = {
			isa = XCBuildConfiguration;
			buildSettings = {
				ALWAYS_SEARCH_USER_PATHS = NO;
				CLANG_ANALYZER_NONNULL = YES;
				CLANG_CXX_LANGUAGE_STANDARD = "gnu++0x";
				CLANG_CXX_LIBRARY = "libc++";
				CLANG_ENABLE_MODULES = YES;
				CLANG_ENABLE_OBJC_ARC = YES;
				CLANG_WARN_BOOL_CONVERSION = YES;
				CLANG_WARN_CONSTANT_CONVERSION = YES;
				CLANG_WARN_DIRECT_OBJC_ISA_USAGE = YES_ERROR;
				CLANG_WARN_EMPTY_BODY = YES;
				CLANG_WARN_ENUM_CONVERSION = YES;
				CLANG_WARN_INFINITE_RECURSION = YES;
				CLANG_WARN_INT_CONVERSION = YES;
				CLANG_WARN_OBJC_ROOT_CLASS = YES_ERROR;
				CLANG_WARN_SUSPICIOUS_MOVE = YES;
				CLANG_WARN_UNREACHABLE_CODE = YES;
				CLANG_WARN__DUPLICATE_METHOD_MATCH = YES;
				"CODE_SIGN_IDENTITY[sdk=iphoneos*]" = "iPhone Developer";
				COPY_PHASE_STRIP = NO;
				DEBUG_INFORMATION_FORMAT = dwarf;
				ENABLE_STRICT_OBJC_MSGSEND = YES;
				ENABLE_TESTABILITY = YES;
				GCC_C_LANGUAGE_STANDARD = gnu99;
				GCC_DYNAMIC_NO_PIC = NO;
				GCC_NO_COMMON_BLOCKS = YES;
				GCC_OPTIMIZATION_LEVEL = 0;
				GCC_PREPROCESSOR_DEFINITIONS = (
					"DEBUG=1",
					"$(inherited)",
				);
				GCC_WARN_64_TO_32_BIT_CONVERSION = YES;
				GCC_WARN_ABOUT_RETURN_TYPE = YES_ERROR;
				GCC_WARN_UNDECLARED_SELECTOR = YES;
				GCC_WARN_UNINITIALIZED_AUTOS = YES_AGGRESSIVE;
				GCC_WARN_UNUSED_FUNCTION = YES;
				GCC_WARN_UNUSED_VARIABLE = YES;
				IPHONEOS_DEPLOYMENT_TARGET = 9.3;
				MTL_ENABLE_DEBUG_INFO = YES;
				ONLY_ACTIVE_ARCH = YES;
				SDKROOT = iphoneos;
				SWIFT_OPTIMIZATION_LEVEL = "-Onone";
				TARGETED_DEVICE_FAMILY = "1,2";
			};
			name = Debug;
		};
		1F4CFB9B1CDB8CED0072AD4B /* Release */ = {
			isa = XCBuildConfiguration;
			buildSettings = {
				ALWAYS_SEARCH_USER_PATHS = NO;
				CLANG_ANALYZER_NONNULL = YES;
				CLANG_CXX_LANGUAGE_STANDARD = "gnu++0x";
				CLANG_CXX_LIBRARY = "libc++";
				CLANG_ENABLE_MODULES = YES;
				CLANG_ENABLE_OBJC_ARC = YES;
				CLANG_WARN_BOOL_CONVERSION = YES;
				CLANG_WARN_CONSTANT_CONVERSION = YES;
				CLANG_WARN_DIRECT_OBJC_ISA_USAGE = YES_ERROR;
				CLANG_WARN_EMPTY_BODY = YES;
				CLANG_WARN_ENUM_CONVERSION = YES;
				CLANG_WARN_INFINITE_RECURSION = YES;
				CLANG_WARN_INT_CONVERSION = YES;
				CLANG_WARN_OBJC_ROOT_CLASS = YES_ERROR;
				CLANG_WARN_SUSPICIOUS_MOVE = YES;
				CLANG_WARN_UNREACHABLE_CODE = YES;
				CLANG_WARN__DUPLICATE_METHOD_MATCH = YES;
				"CODE_SIGN_IDENTITY[sdk=iphoneos*]" = "iPhone Developer";
				COPY_PHASE_STRIP = NO;
				DEBUG_INFORMATION_FORMAT = "dwarf-with-dsym";
				ENABLE_NS_ASSERTIONS = NO;
				ENABLE_STRICT_OBJC_MSGSEND = YES;
				GCC_C_LANGUAGE_STANDARD = gnu99;
				GCC_NO_COMMON_BLOCKS = YES;
				GCC_WARN_64_TO_32_BIT_CONVERSION = YES;
				GCC_WARN_ABOUT_RETURN_TYPE = YES_ERROR;
				GCC_WARN_UNDECLARED_SELECTOR = YES;
				GCC_WARN_UNINITIALIZED_AUTOS = YES_AGGRESSIVE;
				GCC_WARN_UNUSED_FUNCTION = YES;
				GCC_WARN_UNUSED_VARIABLE = YES;
				IPHONEOS_DEPLOYMENT_TARGET = 9.3;
				MTL_ENABLE_DEBUG_INFO = NO;
				SDKROOT = iphoneos;
				SWIFT_OPTIMIZATION_LEVEL = "-Owholemodule";
				TARGETED_DEVICE_FAMILY = "1,2";
				VALIDATE_PRODUCT = YES;
			};
			name = Release;
		};
		1F4CFB9D1CDB8CED0072AD4B /* Debug */ = {
			isa = XCBuildConfiguration;
			buildSettings = {
				ASSETCATALOG_COMPILER_APPICON_NAME = AppIcon;
				INFOPLIST_FILE = "my-hood/Info.plist";
				LD_RUNPATH_SEARCH_PATHS = "$(inherited) @executable_path/Frameworks";
				PRODUCT_BUNDLE_IDENTIFIER = "com.devPro.my-hood";
				PRODUCT_NAME = "$(TARGET_NAME)";
				SWIFT_VERSION = 3.0;
			};
			name = Debug;
		};
		1F4CFB9E1CDB8CED0072AD4B /* Release */ = {
			isa = XCBuildConfiguration;
			buildSettings = {
				ASSETCATALOG_COMPILER_APPICON_NAME = AppIcon;
				INFOPLIST_FILE = "my-hood/Info.plist";
				LD_RUNPATH_SEARCH_PATHS = "$(inherited) @executable_path/Frameworks";
				PRODUCT_BUNDLE_IDENTIFIER = "com.devPro.my-hood";
				PRODUCT_NAME = "$(TARGET_NAME)";
				SWIFT_VERSION = 3.0;
			};
			name = Release;
		};
/* End XCBuildConfiguration section */

/* Begin XCConfigurationList section */
		1F4CFB851CDB8CED0072AD4B /* Build configuration list for PBXProject "my-hood" */ = {
			isa = XCConfigurationList;
			buildConfigurations = (
				1F4CFB9A1CDB8CED0072AD4B /* Debug */,
				1F4CFB9B1CDB8CED0072AD4B /* Release */,
			);
			defaultConfigurationIsVisible = 0;
			defaultConfigurationName = Release;
		};
		1F4CFB9C1CDB8CED0072AD4B /* Build configuration list for PBXNativeTarget "my-hood" */ = {
			isa = XCConfigurationList;
			buildConfigurations = (
				1F4CFB9D1CDB8CED0072AD4B /* Debug */,
				1F4CFB9E1CDB8CED0072AD4B /* Release */,
			);
			defaultConfigurationIsVisible = 0;
			defaultConfigurationName = Release;
		};
/* End XCConfigurationList section */
	};
	rootObject = 1F4CFB821CDB8CED0072AD4B /* Project object */;
}
